
Microsoft Visual Studio Solution File, Format Version 12.00
# Visual Studio 2012
Project("{8BC9CEB8-8B4A-11D0-8D11-00A0C91BC942}") = "AutoGUITestCpp", "AutoGUITestCpp.vcxproj", "{42F799E6-C1BA-4DD7-9C9E-382162D77F9D}"
EndProject
Project("{8BC9CEB8-8B4A-11D0-8D11-00A0C91BC942}") = "SampleApp", "SampleApp\SampleApp.vcxproj", "{5B123175-0B13-4A93-8DFF-9FE5246A1662}"
EndProject
Project("{FAE04EC0-301F-11D3-BF4B-00C04F79EFBC}") = "ErrorImageViewer", "ErrorImageViewer\ErrorImageViewer.csproj", "{83A8812C-CEAE-42A3-9058-D46CD61DD9F4}"
EndProject
Global
	GlobalSection(SolutionConfigurationPlatforms) = preSolution
		Debug|Any CPU = Debug|Any CPU
		Debug|Mixed Platforms = Debug|Mixed Platforms
		Debug|Win32 = Debug|Win32
		Release|Any CPU = Release|Any CPU
		Release|Mixed Platforms = Release|Mixed Platforms
		Release|Win32 = Release|Win32
	EndGlobalSection
	GlobalSection(ProjectConfigurationPlatforms) = postSolution
		{42F799E6-C1BA-4DD7-9C9E-382162D77F9D}.Debug|Any CPU.ActiveCfg = Debug|Win32
		{42F799E6-C1BA-4DD7-9C9E-382162D77F9D}.Debug|Mixed Platforms.ActiveCfg = Debug|Win32
		{42F799E6-C1BA-4DD7-9C9E-382162D77F9D}.Debug|Mixed Platforms.Build.0 = Debug|Win32
		{42F799E6-C1BA-4DD7-9C9E-382162D77F9D}.Debug|Mixed Platforms.Deploy.0 = Debug|Win32
		{42F799E6-C1BA-4DD7-9C9E-382162D77F9D}.Debug|Win32.ActiveCfg = Debug|Win32
		{42F799E6-C1BA-4DD7-9C9E-382162D77F9D}.Debug|Win32.Build.0 = Debug|Win32
		{42F799E6-C1BA-4DD7-9C9E-382162D77F9D}.Debug|Win32.Deploy.0 = Debug|Win32
		{42F799E6-C1BA-4DD7-9C9E-382162D77F9D}.Release|Any CPU.ActiveCfg = Release|Win32
		{42F799E6-C1BA-4DD7-9C9E-382162D77F9D}.Release|Mixed Platforms.ActiveCfg = Release|Win32
		{42F799E6-C1BA-4DD7-9C9E-382162D77F9D}.Release|Mixed Platforms.Build.0 = Release|Win32
		{42F799E6-C1BA-4DD7-9C9E-382162D77F9D}.Release|Mixed Platforms.Deploy.0 = Release|Win32
		{42F799E6-C1BA-4DD7-9C9E-382162D77F9D}.Release|Win32.ActiveCfg = Release|Win32
		{42F799E6-C1BA-4DD7-9C9E-382162D77F9D}.Release|Win32.Build.0 = Release|Win32
		{42F799E6-C1BA-4DD7-9C9E-382162D77F9D}.Release|Win32.Deploy.0 = Release|Win32
		{5B123175-0B13-4A93-8DFF-9FE5246A1662}.Debug|Any CPU.ActiveCfg = Debug|Win32
		{5B123175-0B13-4A93-8DFF-9FE5246A1662}.Debug|Mixed Platforms.ActiveCfg = Debug|Win32
		{5B123175-0B13-4A93-8DFF-9FE5246A1662}.Debug|Mixed Platforms.Build.0 = Debug|Win32
		{5B123175-0B13-4A93-8DFF-9FE5246A1662}.Debug|Mixed Platforms.Deploy.0 = Debug|Win32
		{5B123175-0B13-4A93-8DFF-9FE5246A1662}.Debug|Win32.ActiveCfg = Debug|Win32
		{5B123175-0B13-4A93-8DFF-9FE5246A1662}.Debug|Win32.Build.0 = Debug|Win32
		{5B123175-0B13-4A93-8DFF-9FE5246A1662}.Debug|Win32.Deploy.0 = Debug|Win32
		{5B123175-0B13-4A93-8DFF-9FE5246A1662}.Release|Any CPU.ActiveCfg = Release|Win32
		{5B123175-0B13-4A93-8DFF-9FE5246A1662}.Release|Mixed Platforms.ActiveCfg = Release|Win32
		{5B123175-0B13-4A93-8DFF-9FE5246A1662}.Release|Mixed Platforms.Build.0 = Release|Win32
		{5B123175-0B13-4A93-8DFF-9FE5246A1662}.Release|Mixed Platforms.Deploy.0 = Release|Win32
		{5B123175-0B13-4A93-8DFF-9FE5246A1662}.Release|Win32.ActiveCfg = Release|Win32
		{5B123175-0B13-4A93-8DFF-9FE5246A1662}.Release|Win32.Build.0 = Release|Win32
		{5B123175-0B13-4A93-8DFF-9FE5246A1662}.Release|Win32.Deploy.0 = Release|Win32
		{83A8812C-CEAE-42A3-9058-D46CD61DD9F4}.Debug|Any CPU.ActiveCfg = Debug|Any CPU
		{83A8812C-CEAE-42A3-9058-D46CD61DD9F4}.Debug|Any CPU.Build.0 = Debug|Any CPU
		{83A8812C-CEAE-42A3-9058-D46CD61DD9F4}.Debug|Mixed Platforms.ActiveCfg = Debug|Any CPU
		{83A8812C-CEAE-42A3-9058-D46CD61DD9F4}.Debug|Mixed Platforms.Build.0 = Debug|Any CPU
		{83A8812C-CEAE-42A3-9058-D46CD61DD9F4}.Debug|Win32.ActiveCfg = Debug|Any CPU
		{83A8812C-CEAE-42A3-9058-D46CD61DD9F4}.Release|Any CPU.ActiveCfg = Release|Any CPU
		{83A8812C-CEAE-42A3-9058-D46CD61DD9F4}.Release|Any CPU.Build.0 = Release|Any CPU
		{83A8812C-CEAE-42A3-9058-D46CD61DD9F4}.Release|Mixed Platforms.ActiveCfg = Release|Any CPU
		{83A8812C-CEAE-42A3-9058-D46CD61DD9F4}.Release|Mixed Platforms.Build.0 = Release|Any CPU
		{83A8812C-CEAE-42A3-9058-D46CD61DD9F4}.Release|Win32.ActiveCfg = Release|Any CPU
	EndGlobalSection
	GlobalSection(SolutionProperties) = preSolution
		HideSolutionNode = FALSE
	EndGlobalSection
EndGlobal
