<?xml version="1.0" encoding="utf-8"?>
<Project ToolsVersion="4.0" xmlns="http://schemas.microsoft.com/developer/msbuild/2003">
  <ItemGroup>
    <Filter Include="リソース ファイル">
      <UniqueIdentifier>{67DA6AB6-F800-4c08-8B7A-83BB121AAD01}</UniqueIdentifier>
      <Extensions>rc;ico;cur;bmp;dlg;rc2;rct;bin;rgs;gif;jpg;jpeg;jpe;resx;tiff;tif;png;wav;mfcribbon-ms</Extensions>
    </Filter>
    <Filter Include="Source File">
      <UniqueIdentifier>{bfadc9ef-32f5-496d-b0e8-788c0383c569}</UniqueIdentifier>
    </Filter>
    <Filter Include="TestLibrary">
      <UniqueIdentifier>{a1972558-77c3-47ad-ba0c-45874f5cd835}</UniqueIdentifier>
    </Filter>
  </ItemGroup>
  <ItemGroup>
    <Text Include="ReadMe.txt" />
  </ItemGroup>
  <ItemGroup>
    <ClInclude Include="Resource.h">
      <Filter>Source File</Filter>
    </ClInclude>
    <ClInclude Include="SampleApp.h">
      <Filter>Source File</Filter>
    </ClInclude>
    <ClInclude Include="SampleAppDlg.h">
      <Filter>Source File</Filter>
    </ClInclude>
    <ClInclude Include="stdafx.h">
      <Filter>Source File</Filter>
    </ClInclude>
    <ClInclude Include="targetver.h">
      <Filter>Source File</Filter>
    </ClInclude>
    <ClInclude Include="..\TestLibrary\TestLibrary.h">
      <Filter>TestLibrary</Filter>
    </ClInclude>
  </ItemGroup>
  <ItemGroup>
    <ClCompile Include="SampleApp.cpp">
      <Filter>Source File</Filter>
    </ClCompile>
    <ClCompile Include="SampleAppDlg.cpp">
      <Filter>Source File</Filter>
    </ClCompile>
    <ClCompile Include="stdafx.cpp">
      <Filter>Source File</Filter>
    </ClCompile>
    <ClCompile Include="..\TestLibrary\TestLibrary.cpp">
      <Filter>TestLibrary</Filter>
    </ClCompile>
  </ItemGroup>
  <ItemGroup>
    <ResourceCompile Include="SampleApp.rc">
      <Filter>リソース ファイル</Filter>
    </ResourceCompile>
  </ItemGroup>
  <ItemGroup>
    <None Include="res\SampleApp.rc2">
      <Filter>リソース ファイル</Filter>
    </None>
  </ItemGroup>
  <ItemGroup>
    <Image Include="res\SampleApp.ico">
      <Filter>リソース ファイル</Filter>
    </Image>
  </ItemGroup>
</Project>